{
  "name": "conways-game-of-life",
  "version": "1.0.0",
  "lockfileVersion": 2,
  "requires": true,
  "packages": {
    "": {
      "version": "1.0.0",
      "license": "ISC",
      "dependencies": {
        "fs": "^0.0.1-security",
        "fs.promises": "^0.1.2"
      },
      "devDependencies": {
        "@types/node": "^16.3.3"
      }
    },
    "node_modules/@types/node": {
      "version": "16.3.3",
      "resolved": "https://registry.npmjs.org/@types/node/-/node-16.3.3.tgz",
      "integrity": "sha512-8h7k1YgQKxKXWckzFCMfsIwn0Y61UK6tlD6y2lOb3hTOIMlK3t9/QwHOhc81TwU+RMf0As5fj7NPjroERCnejQ==",
      "dev": true
    },
    "node_modules/fs": {
      "version": "0.0.1-security",
      "resolved": "https://registry.npmjs.org/fs/-/fs-0.0.1-security.tgz",
      "integrity": "sha1-invTcYa23d84E/I4WLV+yq9eQdQ="
    },
    "node_modules/fs.promises": {
      "version": "0.1.2",
      "resolved": "https://registry.npmjs.org/fs.promises/-/fs.promises-0.1.2.tgz",
      "integrity": "sha512-LNfkXdN6EToumV455EbdJaNxqLmEFqKqNZVIEyI2whtdpIppTsne2fHWgx05s+B2Aif29Lhzdz0AaOXKLvMGsA==",
      "engines": {
        "node": ">=8.9"
      }
    }
  },
  "dependencies": {
    "@types/node": {
      "version": "16.3.3",
      "resolved": "https://registry.npmjs.org/@types/node/-/node-16.3.3.tgz",
      "integrity": "sha512-8h7k1YgQKxKXWckzFCMfsIwn0Y61UK6tlD6y2lOb3hTOIMlK3t9/QwHOhc81TwU+RMf0As5fj7NPjroERCnejQ==",
      "dev": true
    },
    "fs": {
      "version": "0.0.1-security",
      "resolved": "https://registry.npmjs.org/fs/-/fs-0.0.1-security.tgz",
      "integrity": "sha1-invTcYa23d84E/I4WLV+yq9eQdQ="
    },
    "fs.promises": {
      "version": "0.1.2",
      "resolved": "https://registry.npmjs.org/fs.promises/-/fs.promises-0.1.2.tgz",
      "integrity": "sha512-LNfkXdN6EToumV455EbdJaNxqLmEFqKqNZVIEyI2whtdpIppTsne2fHWgx05s+B2Aif29Lhzdz0AaOXKLvMGsA=="
    }
  }
}
